// !$*UTF8*$!
{
	archiveVersion = 1;
	classes = {
	};
	objectVersion = 46;
	objects = {

/* Begin PBXBuildFile section */
		1164A86D1E112BC70093FEBD /* main.m in Sources */ = {isa = PBXBuildFile; fileRef = 1164A86C1E112BC70093FEBD /* main.m */; };
		1164A8701E112BC70093FEBD /* AppDelegate.m in Sources */ = {isa = PBXBuildFile; fileRef = 1164A86F1E112BC70093FEBD /* AppDelegate.m */; };
		1164A8731E112BC70093FEBD /* ViewController.m in Sources */ = {isa = PBXBuildFile; fileRef = 1164A8721E112BC70093FEBD /* ViewController.m */; };
		1164A8761E112BC70093FEBD /* Main.storyboard in Resources */ = {isa = PBXBuildFile; fileRef = 1164A8741E112BC70093FEBD /* Main.storyboard */; };
		1164A8781E112BC70093FEBD /* Assets.xcassets in Resources */ = {isa = PBXBuildFile; fileRef = 1164A8771E112BC70093FEBD /* Assets.xcassets */; };
		1164A87B1E112BC70093FEBD /* LaunchScreen.storyboard in Resources */ = {isa = PBXBuildFile; fileRef = 1164A8791E112BC70093FEBD /* LaunchScreen.storyboard */; };
/* End PBXBuildFile section */

/* Begin PBXFileReference section */
		1164A8681E112BC70093FEBD /* FLApplePayDemo.app */ = {isa = PBXFileReference; explicitFileType = wrapper.application; includeInIndex = 0; path = FLApplePayDemo.app; sourceTree = BUILT_PRODUCTS_DIR; };
		1164A86C1E112BC70093FEBD /* main.m */ = {isa = PBXFileReference; lastKnownFileType = sourcecode.c.objc; path = main.m; sourceTree = "<group>"; };
		1164A86E1E112BC70093FEBD /* AppDelegate.h */ = {isa = PBXFileReference; lastKnownFileType = sourcecode.c.h; path = AppDelegate.h; sourceTree = "<group>"; };
		1164A86F1E112BC70093FEBD /* AppDelegate.m */ = {isa = PBXFileReference; lastKnownFileType = sourcecode.c.objc; path = AppDelegate.m; sourceTree = "<group>"; };
		1164A8711E112BC70093FEBD /* ViewController.h */ = {isa = PBXFileReference; lastKnownFileType = sourcecode.c.h; path = ViewController.h; sourceTree = "<group>"; };
		1164A8721E112BC70093FEBD /* ViewController.m */ = {isa = PBXFileReference; lastKnownFileType = sourcecode.c.objc; path = ViewController.m; sourceTree = "<group>"; };
		1164A8751E112BC70093FEBD /* Base */ = {isa = PBXFileReference; lastKnownFileType = file.storyboard; name = Base; path = Base.lproj/Main.storyboard; sourceTree = "<group>"; };
		1164A8771E112BC70093FEBD /* Assets.xcassets */ = {isa = PBXFileReference; lastKnownFileType = folder.assetcatalog; path = Assets.xcassets; sourceTree = "<group>"; };
		1164A87A1E112BC70093FEBD /* Base */ = {isa = PBXFileReference; lastKnownFileType = file.storyboard; name = Base; path = Base.lproj/LaunchScreen.storyboard; sourceTree = "<group>"; };
		1164A87C1E112BC70093FEBD /* Info.plist */ = {isa = PBXFileReference; lastKnownFileType = text.plist.xml; path = Info.plist; sourceTree = "<group>"; };
		11EC735C1E124F5D00BACBEE /* FLApplePayDemo.entitlements */ = {isa = PBXFileReference; lastKnownFileType = text.plist.entitlements; path = FLApplePayDemo.entitlements; sourceTree = "<group>"; };
/* End PBXFileReference section */

/* Begin PBXFrameworksBuildPhase section */
		1164A8651E112BC60093FEBD /* Frameworks */ = {
			isa = PBXFrameworksBuildPhase;
			buildActionMask = 2147483647;
			files = (
			);
			runOnlyForDeploymentPostprocessing = 0;
		};
/* End PBXFrameworksBuildPhase section */

/* Begin PBXGroup section */
		1164A85F1E112BC60093FEBD = {
			isa = PBXGroup;
			children = (
				1164A86A1E112BC70093FEBD /* FLApplePayDemo */,
				1164A8691E112BC70093FEBD /* Products */,
			);
			sourceTree = "<group>";
		};
		1164A8691E112BC70093FEBD /* Products */ = {
			isa = PBXGroup;
			children = (
				1164A8681E112BC70093FEBD /* FLApplePayDemo.app */,
			);
			name = Products;
			sourceTree = "<group>";
		};
		1164A86A1E112BC70093FEBD /* FLApplePayDemo */ = {
			isa = PBXGroup;
			children = (
				11EC735C1E124F5D00BACBEE /* FLApplePayDemo.entitlements */,
				1164A86E1E112BC70093FEBD /* AppDelegate.h */,
				1164A86F1E112BC70093FEBD /* AppDelegate.m */,
				1164A8711E112BC70093FEBD /* ViewController.h */,
				1164A8721E112BC70093FEBD /* ViewController.m */,
				1164A8741E112BC70093FEBD /* Main.storyboard */,
				1164A8771E112BC70093FEBD /* Assets.xcassets */,
				1164A8791E112BC70093FEBD /* LaunchScreen.storyboard */,
				1164A87C1E112BC70093FEBD /* Info.plist */,
				1164A86B1E112BC70093FEBD /* Supporting Files */,
			);
			path = FLApplePayDemo;
			sourceTree = "<group>";
		};
		1164A86B1E112BC70093FEBD /* Supporting Files */ = {
			isa = PBXGroup;
			children = (
				1164A86C1E112BC70093FEBD /* main.m */,
			);
			name = "Supporting Files";
			sourceTree = "<group>";
		};
/* End PBXGroup section */

/* Begin PBXNativeTarget section */
		1164A8671E112BC60093FEBD /* FLApplePayDemo */ = {
			isa = PBXNativeTarget;
			buildConfigurationList = 1164A87F1E112BC70093FEBD /* Build configuration list for PBXNativeTarget "FLApplePayDemo" */;
			buildPhases = (
				1164A8641E112BC60093FEBD /* Sources */,
				1164A8651E112BC60093FEBD /* Frameworks */,
				1164A8661E112BC60093FEBD /* Resources */,
			);
			buildRules = (
			);
			dependencies = (
			);
			name = FLApplePayDemo;
			productName = FLApplePayDemo;
			productReference = 1164A8681E112BC70093FEBD /* FLApplePayDemo.app */;
			productType = "com.apple.product-type.application";
		};
/* End PBXNativeTarget section */

/* Begin PBXProject section */
		1164A8601E112BC60093FEBD /* Project object */ = {
			isa = PBXProject;
			attributes = {
				LastUpgradeCheck = 0810;
				ORGANIZATIONNAME = gitKong;
				TargetAttributes = {
					1164A8671E112BC60093FEBD = {
						CreatedOnToolsVersion = 8.1;
						DevelopmentTeam = GB8FE8WWF8;
						ProvisioningStyle = Automatic;
						SystemCapabilities = {
							com.apple.ApplePay = {
								enabled = 1;
							};
						};
					};
				};
			};
			buildConfigurationList = 1164A8631E112BC60093FEBD /* Build configuration list for PBXProject "FLApplePayDemo" */;
			compatibilityVersion = "Xcode 3.2";
			developmentRegion = English;
			hasScannedForEncodings = 0;
			knownRegions = (
				en,
				Base,
			);
			mainGroup = 1164A85F1E112BC60093FEBD;
			productRefGroup = 1164A8691E112BC70093FEBD /* Products */;
			projectDirPath = "";
			projectRoot = "";
			targets = (
				1164A8671E112BC60093FEBD /* FLApplePayDemo */,
			);
		};
/* End PBXProject section */

/* Begin PBXResourcesBuildPhase section */
		1164A8661E112BC60093FEBD /* Resources */ = {
			isa = PBXResourcesBuildPhase;
			buildActionMask = 2147483647;
			files = (
				1164A87B1E112BC70093FEBD /* LaunchScreen.storyboard in Resources */,
				1164A8781E112BC70093FEBD /* Assets.xcassets in Resources */,
				1164A8761E112BC70093FEBD /* Main.storyboard in Resources */,
			);
			runOnlyForDeploymentPostprocessing = 0;
		};
/* End PBXResourcesBuildPhase section */

/* Begin PBXSourcesBuildPhase section */
		1164A8641E112BC60093FEBD /* Sources */ = {
			isa = PBXSourcesBuildPhase;
			buildActionMask = 2147483647;
			files = (
				1164A8731E112BC70093FEBD /* ViewController.m in Sources */,
				1164A8701E112BC70093FEBD /* AppDelegate.m in Sources */,
				1164A86D1E112BC70093FEBD /* main.m in Sources */,
			);
			runOnlyForDeploymentPostprocessing = 0;
		};
/* End PBXSourcesBuildPhase section */

/* Begin PBXVariantGroup section */
		1164A8741E112BC70093FEBD /* Main.storyboard */ = {
			isa = PBXVariantGroup;
			children = (
				1164A8751E112BC70093FEBD /* Base */,
			);
			name = Main.storyboard;
			sourceTree = "<group>";
		};
		1164A8791E112BC70093FEBD /* LaunchScreen.storyboard */ = {
			isa = PBXVariantGroup;
			children = (
				1164A87A1E112BC70093FEBD /* Base */,
			);
			name = LaunchScreen.storyboard;
			sourceTree = "<group>";
		};
/* End PBXVariantGroup section */

/* Begin XCBuildConfiguration section */
		1164A87D1E112BC70093FEBD /* Debug */ = {
			isa = XCBuildConfiguration;
			buildSettings = {
				ALWAYS_SEARCH_USER_PATHS = NO;
				CLANG_ANALYZER_NONNULL = YES;
				CLANG_CXX_LANGUAGE_STANDARD = "gnu++0x";
				CLANG_CXX_LIBRARY = "libc++";
				CLANG_ENABLE_MODULES = YES;
				CLANG_ENABLE_OBJC_ARC = YES;
				CLANG_WARN_BOOL_CONVERSION = YES;
				CLANG_WARN_CONSTANT_CONVERSION = YES;
				CLANG_WARN_DIRECT_OBJC_ISA_USAGE = YES_ERROR;
				CLANG_WARN_DOCUMENTATION_COMMENTS = YES;
				CLANG_WARN_EMPTY_BODY = YES;
				CLANG_WARN_ENUM_CONVERSION = YES;
				CLANG_WARN_INFINITE_RECURSION = YES;
				CLANG_WARN_INT_CONVERSION = YES;
				CLANG_WARN_OBJC_ROOT_CLASS = YES_ERROR;
				CLANG_WARN_SUSPICIOUS_MOVES = YES;
				CLANG_WARN_UNREACHABLE_CODE = YES;
				CLANG_WARN__DUPLICATE_METHOD_MATCH = YES;
				"CODE_SIGN_IDENTITY[sdk=iphoneos*]" = "iPhone Developer";
				COPY_PHASE_STRIP = NO;
				DEBUG_INFORMATION_FORMAT = dwarf;
				ENABLE_STRICT_OBJC_MSGSEND = YES;
				ENABLE_TESTABILITY = YES;
				GCC_C_LANGUAGE_STANDARD = gnu99;
				GCC_DYNAMIC_NO_PIC = NO;
				GCC_NO_COMMON_BLOCKS = YES;
				GCC_OPTIMIZATION_LEVEL = 0;
				GCC_PREPROCESSOR_DEFINITIONS = (
					"DEBUG=1",
					"$(inherited)",
				);
				GCC_WARN_64_TO_32_BIT_CONVERSION = YES;
				GCC_WARN_ABOUT_RETURN_TYPE = YES_ERROR;
				GCC_WARN_UNDECLARED_SELECTOR = YES;
				GCC_WARN_UNINITIALIZED_AUTOS = YES_AGGRESSIVE;
				GCC_WARN_UNUSED_FUNCTION = YES;
				GCC_WARN_UNUSED_VARIABLE = YES;
				IPHONEOS_DEPLOYMENT_TARGET = 8.0;
				MTL_ENABLE_DEBUG_INFO = YES;
				ONLY_ACTIVE_ARCH = YES;
				SDKROOT = iphoneos;
			};
			name = Debug;
		};
		1164A87E1E112BC70093FEBD /* Release */ = {
			isa = XCBuildConfiguration;
			buildSettings = {
				ALWAYS_SEARCH_USER_PATHS = NO;
				CLANG_ANALYZER_NONNULL = YES;
				CLANG_CXX_LANGUAGE_STANDARD = "gnu++0x";
				CLANG_CXX_LIBRARY = "libc++";
				CLANG_ENABLE_MODULES = YES;
				CLANG_ENABLE_OBJC_ARC = YES;
				CLANG_WARN_BOOL_CONVERSION = YES;
				CLANG_WARN_CONSTANT_CONVERSION = YES;
				CLANG_WARN_DIRECT_OBJC_ISA_USAGE = YES_ERROR;
				CLANG_WARN_DOCUMENTATION_COMMENTS = YES;
				CLANG_WARN_EMPTY_BODY = YES;
				CLANG_WARN_ENUM_CONVERSION = YES;
				CLANG_WARN_INFINITE_RECURSION = YES;
				CLANG_WARN_INT_CONVERSION = YES;
				CLANG_WARN_OBJC_ROOT_CLASS = YES_ERROR;
				CLANG_WARN_SUSPICIOUS_MOVES = YES;
				CLANG_WARN_UNREACHABLE_CODE = YES;
				CLANG_WARN__DUPLICATE_METHOD_MATCH = YES;
				"CODE_SIGN_IDENTITY[sdk=iphoneos*]" = "iPhone Developer";
				COPY_PHASE_STRIP = NO;
				DEBUG_INFORMATION_FORMAT = "dwarf-with-dsym";
				ENABLE_NS_ASSERTIONS = NO;
				ENABLE_STRICT_OBJC_MSGSEND = YES;
				GCC_C_LANGUAGE_STANDARD = gnu99;
				GCC_NO_COMMON_BLOCKS = YES;
				GCC_WARN_64_TO_32_BIT_CONVERSION = YES;
				GCC_WARN_ABOUT_RETURN_TYPE = YES_ERROR;
				GCC_WARN_UNDECLARED_SELECTOR = YES;
				GCC_WARN_UNINITIALIZED_AUTOS = YES_AGGRESSIVE;
				GCC_WARN_UNUSED_FUNCTION = YES;
				GCC_WARN_UNUSED_VARIABLE = YES;
				IPHONEOS_DEPLOYMENT_TARGET = 8.0;
				MTL_ENABLE_DEBUG_INFO = NO;
				SDKROOT = iphoneos;
				VALIDATE_PRODUCT = YES;
			};
			name = Release;
		};
		1164A8801E112BC70093FEBD /* Debug */ = {
			isa = XCBuildConfiguration;
			buildSettings = {
				ASSETCATALOG_COMPILER_APPICON_NAME = AppIcon;
				CODE_SIGN_ENTITLEMENTS = FLApplePayDemo/FLApplePayDemo.entitlements;
				DEVELOPMENT_TEAM = GB8FE8WWF8;
				INFOPLIST_FILE = FLApplePayDemo/Info.plist;
				IPHONEOS_DEPLOYMENT_TARGET = 8.0;
				LD_RUNPATH_SEARCH_PATHS = "$(inherited) @executable_path/Frameworks";
				PRODUCT_BUNDLE_IDENTIFIER = gitKong.FLApplePayDemo;
				PRODUCT_NAME = "$(TARGET_NAME)";
			};
			name = Debug;
		};
		1164A8811E112BC70093FEBD /* Release */ = {
			isa = XCBuildConfiguration;
			buildSettings = {
				ASSETCATALOG_COMPILER_APPICON_NAME = AppIcon;
				CODE_SIGN_ENTITLEMENTS = FLApplePayDemo/FLApplePayDemo.entitlements;
				DEVELOPMENT_TEAM = GB8FE8WWF8;
				INFOPLIST_FILE = FLApplePayDemo/Info.plist;
				IPHONEOS_DEPLOYMENT_TARGET = 8.0;
				LD_RUNPATH_SEARCH_PATHS = "$(inherited) @executable_path/Frameworks";
				PRODUCT_BUNDLE_IDENTIFIER = gitKong.FLApplePayDemo;
				PRODUCT_NAME = "$(TARGET_NAME)";
			};
			name = Release;
		};
/* End XCBuildConfiguration section */

/* Begin XCConfigurationList section */
		1164A8631E112BC60093FEBD /* Build configuration list for PBXProject "FLApplePayDemo" */ = {
			isa = XCConfigurationList;
			buildConfigurations = (
				1164A87D1E112BC70093FEBD /* Debug */,
				1164A87E1E112BC70093FEBD /* Release */,
			);
			defaultConfigurationIsVisible = 0;
			defaultConfigurationName = Release;
		};
		1164A87F1E112BC70093FEBD /* Build configuration list for PBXNativeTarget "FLApplePayDemo" */ = {
			isa = XCConfigurationList;
			buildConfigurations = (
				1164A8801E112BC70093FEBD /* Debug */,
				1164A8811E112BC70093FEBD /* Release */,
			);
			defaultConfigurationIsVisible = 0;
			defaultConfigurationName = Release;
		};
/* End XCConfigurationList section */
	};
	rootObject = 1164A8601E112BC60093FEBD /* Project object */;
}
